// !$*UTF8*$!
{
	archiveVersion = 1;
	classes = {
	};
	objectVersion = 47;
	objects = {

/* Begin PBXBuildFile section */
		00E60BB11D6C527E001F6236 /* ActionsPopupController.m in Sources */ = {isa = PBXBuildFile; fileRef = 00E60BAC1D6C527E001F6236 /* ActionsPopupController.m */; };
		00E60BB21D6C527E001F6236 /* ContactDetailViewController.m in Sources */ = {isa = PBXBuildFile; fileRef = 00E60BAE1D6C527E001F6236 /* ContactDetailViewController.m */; };
		00E60BB31D6C527E001F6236 /* ContactListViewController.m in Sources */ = {isa = PBXBuildFile; fileRef = 00E60BB01D6C527E001F6236 /* ContactListViewController.m */; };
		00E60BC21D6C52F3001F6236 /* ContactSObjectData.m in Sources */ = {isa = PBXBuildFile; fileRef = 00E60BB61D6C52F3001F6236 /* ContactSObjectData.m */; };
		00E60BC31D6C52F3001F6236 /* ContactSObjectDataSpec.m in Sources */ = {isa = PBXBuildFile; fileRef = 00E60BB81D6C52F3001F6236 /* ContactSObjectDataSpec.m */; };
		00E60BC41D6C52F3001F6236 /* SObjectData.m in Sources */ = {isa = PBXBuildFile; fileRef = 00E60BBA1D6C52F3001F6236 /* SObjectData.m */; };
		00E60BC51D6C52F3001F6236 /* SObjectDataFieldSpec.m in Sources */ = {isa = PBXBuildFile; fileRef = 00E60BBD1D6C52F3001F6236 /* SObjectDataFieldSpec.m */; };
		00E60BC61D6C52F3001F6236 /* SObjectDataManager.m in Sources */ = {isa = PBXBuildFile; fileRef = 00E60BBF1D6C52F3001F6236 /* SObjectDataManager.m */; };
		00E60BC71D6C52F3001F6236 /* SObjectDataSpec.m in Sources */ = {isa = PBXBuildFile; fileRef = 00E60BC11D6C52F3001F6236 /* SObjectDataSpec.m */; };
		00E60BCB1D6C53C6001F6236 /* WYPopoverController.m in Sources */ = {isa = PBXBuildFile; fileRef = 00E60BCA1D6C53C6001F6236 /* WYPopoverController.m */; };
		4F8D5EA31B6C0568005E64D4 /* main.m in Sources */ = {isa = PBXBuildFile; fileRef = 4F8D5EA21B6C0568005E64D4 /* main.m */; };
		4F8D5EA61B6C0568005E64D4 /* AppDelegate.m in Sources */ = {isa = PBXBuildFile; fileRef = 4F8D5EA51B6C0568005E64D4 /* AppDelegate.m */; };
		4F8D5EAE1B6C0568005E64D4 /* Images.xcassets in Resources */ = {isa = PBXBuildFile; fileRef = 4F8D5EAD1B6C0568005E64D4 /* Images.xcassets */; };
		4F8D5EC81B6C0F94005E64D4 /* InitialViewController.m in Sources */ = {isa = PBXBuildFile; fileRef = 4F8D5EC71B6C0F94005E64D4 /* InitialViewController.m */; };
		4F8D5ECB1B6C0FE4005E64D4 /* RootViewController.m in Sources */ = {isa = PBXBuildFile; fileRef = 4F8D5ECA1B6C0FE4005E64D4 /* RootViewController.m */; };
		7EAB025B5D3752645CE4C2BC /* Pods_MyTrailNative.framework in Frameworks */ = {isa = PBXBuildFile; fileRef = E26AE42D739AC1B4EC79C1EF /* Pods_MyTrailNative.framework */; };
/* End PBXBuildFile section */

/* Begin PBXFileReference section */
		00E60BAB1D6C527E001F6236 /* ActionsPopupController.h */ = {isa = PBXFileReference; fileEncoding = 4; lastKnownFileType = sourcecode.c.h; path = ActionsPopupController.h; sourceTree = "<group>"; };
		00E60BAC1D6C527E001F6236 /* ActionsPopupController.m */ = {isa = PBXFileReference; fileEncoding = 4; lastKnownFileType = sourcecode.c.objc; path = ActionsPopupController.m; sourceTree = "<group>"; };
		00E60BAD1D6C527E001F6236 /* ContactDetailViewController.h */ = {isa = PBXFileReference; fileEncoding = 4; lastKnownFileType = sourcecode.c.h; path = ContactDetailViewController.h; sourceTree = "<group>"; };
		00E60BAE1D6C527E001F6236 /* ContactDetailViewController.m */ = {isa = PBXFileReference; fileEncoding = 4; lastKnownFileType = sourcecode.c.objc; path = ContactDetailViewController.m; sourceTree = "<group>"; };
		00E60BAF1D6C527E001F6236 /* ContactListViewController.h */ = {isa = PBXFileReference; fileEncoding = 4; lastKnownFileType = sourcecode.c.h; path = ContactListViewController.h; sourceTree = "<group>"; };
		00E60BB01D6C527E001F6236 /* ContactListViewController.m */ = {isa = PBXFileReference; fileEncoding = 4; lastKnownFileType = sourcecode.c.objc; path = ContactListViewController.m; sourceTree = "<group>"; };
		00E60BB51D6C52F3001F6236 /* ContactSObjectData.h */ = {isa = PBXFileReference; fileEncoding = 4; lastKnownFileType = sourcecode.c.h; name = ContactSObjectData.h; path = Data/ContactSObjectData.h; sourceTree = "<group>"; };
		00E60BB61D6C52F3001F6236 /* ContactSObjectData.m */ = {isa = PBXFileReference; fileEncoding = 4; lastKnownFileType = sourcecode.c.objc; name = ContactSObjectData.m; path = Data/ContactSObjectData.m; sourceTree = "<group>"; };
		00E60BB71D6C52F3001F6236 /* ContactSObjectDataSpec.h */ = {isa = PBXFileReference; fileEncoding = 4; lastKnownFileType = sourcecode.c.h; name = ContactSObjectDataSpec.h; path = Data/ContactSObjectDataSpec.h; sourceTree = "<group>"; };
		00E60BB81D6C52F3001F6236 /* ContactSObjectDataSpec.m */ = {isa = PBXFileReference; fileEncoding = 4; lastKnownFileType = sourcecode.c.objc; name = ContactSObjectDataSpec.m; path = Data/ContactSObjectDataSpec.m; sourceTree = "<group>"; };
		00E60BB91D6C52F3001F6236 /* SObjectData.h */ = {isa = PBXFileReference; fileEncoding = 4; lastKnownFileType = sourcecode.c.h; name = SObjectData.h; path = Data/SObjectData.h; sourceTree = "<group>"; };
		00E60BBA1D6C52F3001F6236 /* SObjectData.m */ = {isa = PBXFileReference; fileEncoding = 4; lastKnownFileType = sourcecode.c.objc; name = SObjectData.m; path = Data/SObjectData.m; sourceTree = "<group>"; };
		00E60BBB1D6C52F3001F6236 /* SObjectData+Internal.h */ = {isa = PBXFileReference; fileEncoding = 4; lastKnownFileType = sourcecode.c.h; name = "SObjectData+Internal.h"; path = "Data/SObjectData+Internal.h"; sourceTree = "<group>"; };
		00E60BBC1D6C52F3001F6236 /* SObjectDataFieldSpec.h */ = {isa = PBXFileReference; fileEncoding = 4; lastKnownFileType = sourcecode.c.h; name = SObjectDataFieldSpec.h; path = Data/SObjectDataFieldSpec.h; sourceTree = "<group>"; };
		00E60BBD1D6C52F3001F6236 /* SObjectDataFieldSpec.m */ = {isa = PBXFileReference; fileEncoding = 4; lastKnownFileType = sourcecode.c.objc; name = SObjectDataFieldSpec.m; path = Data/SObjectDataFieldSpec.m; sourceTree = "<group>"; };
		00E60BBE1D6C52F3001F6236 /* SObjectDataManager.h */ = {isa = PBXFileReference; fileEncoding = 4; lastKnownFileType = sourcecode.c.h; name = SObjectDataManager.h; path = Data/SObjectDataManager.h; sourceTree = "<group>"; };
		00E60BBF1D6C52F3001F6236 /* SObjectDataManager.m */ = {isa = PBXFileReference; fileEncoding = 4; lastKnownFileType = sourcecode.c.objc; name = SObjectDataManager.m; path = Data/SObjectDataManager.m; sourceTree = "<group>"; };
		00E60BC01D6C52F3001F6236 /* SObjectDataSpec.h */ = {isa = PBXFileReference; fileEncoding = 4; lastKnownFileType = sourcecode.c.h; name = SObjectDataSpec.h; path = Data/SObjectDataSpec.h; sourceTree = "<group>"; };
		00E60BC11D6C52F3001F6236 /* SObjectDataSpec.m */ = {isa = PBXFileReference; fileEncoding = 4; lastKnownFileType = sourcecode.c.objc; name = SObjectDataSpec.m; path = Data/SObjectDataSpec.m; sourceTree = "<group>"; };
		00E60BC91D6C5365001F6236 /* WYPopoverController.h */ = {isa = PBXFileReference; fileEncoding = 4; lastKnownFileType = sourcecode.c.h; name = WYPopoverController.h; path = WYPopoverController/WYPopoverController.h; sourceTree = "<group>"; };
		00E60BCA1D6C53C6001F6236 /* WYPopoverController.m */ = {isa = PBXFileReference; fileEncoding = 4; lastKnownFileType = sourcecode.c.objc; name = WYPopoverController.m; path = WYPopoverController/WYPopoverController.m; sourceTree = "<group>"; };
		4F8D5E9D1B6C0568005E64D4 /* MyTrailNative.app */ = {isa = PBXFileReference; explicitFileType = wrapper.application; includeInIndex = 0; path = MyTrailNative.app; sourceTree = BUILT_PRODUCTS_DIR; };
		4F8D5EA11B6C0568005E64D4 /* Info.plist */ = {isa = PBXFileReference; lastKnownFileType = text.plist.xml; path = Info.plist; sourceTree = "<group>"; };
		4F8D5EA21B6C0568005E64D4 /* main.m */ = {isa = PBXFileReference; lastKnownFileType = sourcecode.c.objc; path = main.m; sourceTree = "<group>"; };
		4F8D5EA41B6C0568005E64D4 /* AppDelegate.h */ = {isa = PBXFileReference; lastKnownFileType = sourcecode.c.h; path = AppDelegate.h; sourceTree = "<group>"; };
		4F8D5EA51B6C0568005E64D4 /* AppDelegate.m */ = {isa = PBXFileReference; lastKnownFileType = sourcecode.c.objc; path = AppDelegate.m; sourceTree = "<group>"; };
		4F8D5EAD1B6C0568005E64D4 /* Images.xcassets */ = {isa = PBXFileReference; lastKnownFileType = folder.assetcatalog; path = Images.xcassets; sourceTree = "<group>"; };
		4F8D5EC61B6C0F94005E64D4 /* InitialViewController.h */ = {isa = PBXFileReference; fileEncoding = 4; lastKnownFileType = sourcecode.c.h; path = InitialViewController.h; sourceTree = "<group>"; };
		4F8D5EC71B6C0F94005E64D4 /* InitialViewController.m */ = {isa = PBXFileReference; fileEncoding = 4; lastKnownFileType = sourcecode.c.objc; path = InitialViewController.m; sourceTree = "<group>"; };
		4F8D5EC91B6C0FE4005E64D4 /* RootViewController.h */ = {isa = PBXFileReference; fileEncoding = 4; lastKnownFileType = sourcecode.c.h; path = RootViewController.h; sourceTree = "<group>"; };
		4F8D5ECA1B6C0FE4005E64D4 /* RootViewController.m */ = {isa = PBXFileReference; fileEncoding = 4; lastKnownFileType = sourcecode.c.objc; path = RootViewController.m; sourceTree = "<group>"; };
		641A79C6255C9F5C2DC614D8 /* Pods-MyTrailNative.release.xcconfig */ = {isa = PBXFileReference; includeInIndex = 1; lastKnownFileType = text.xcconfig; name = "Pods-MyTrailNative.release.xcconfig"; path = "Pods/Target Support Files/Pods-MyTrailNative/Pods-MyTrailNative.release.xcconfig"; sourceTree = "<group>"; };
		90400F35EE8FD2C6D3B8B7E7 /* Pods-MyTrailNative.debug.xcconfig */ = {isa = PBXFileReference; includeInIndex = 1; lastKnownFileType = text.xcconfig; name = "Pods-MyTrailNative.debug.xcconfig"; path = "Pods/Target Support Files/Pods-MyTrailNative/Pods-MyTrailNative.debug.xcconfig"; sourceTree = "<group>"; };
		E26AE42D739AC1B4EC79C1EF /* Pods_MyTrailNative.framework */ = {isa = PBXFileReference; explicitFileType = wrapper.framework; includeInIndex = 0; path = Pods_MyTrailNative.framework; sourceTree = BUILT_PRODUCTS_DIR; };
/* End PBXFileReference section */

/* Begin PBXFrameworksBuildPhase section */
		4F8D5E9A1B6C0568005E64D4 /* Frameworks */ = {
			isa = PBXFrameworksBuildPhase;
			buildActionMask = 2147483647;
			files = (
				7EAB025B5D3752645CE4C2BC /* Pods_MyTrailNative.framework in Frameworks */,
			);
			runOnlyForDeploymentPostprocessing = 0;
		};
/* End PBXFrameworksBuildPhase section */

/* Begin PBXGroup section */
		00E60BB41D6C52B4001F6236 /* Data */ = {
			isa = PBXGroup;
			children = (
				00E60BB51D6C52F3001F6236 /* ContactSObjectData.h */,
				00E60BB61D6C52F3001F6236 /* ContactSObjectData.m */,
				00E60BB71D6C52F3001F6236 /* ContactSObjectDataSpec.h */,
				00E60BB81D6C52F3001F6236 /* ContactSObjectDataSpec.m */,
				00E60BB91D6C52F3001F6236 /* SObjectData.h */,
				00E60BBA1D6C52F3001F6236 /* SObjectData.m */,
				00E60BBB1D6C52F3001F6236 /* SObjectData+Internal.h */,
				00E60BBC1D6C52F3001F6236 /* SObjectDataFieldSpec.h */,
				00E60BBD1D6C52F3001F6236 /* SObjectDataFieldSpec.m */,
				00E60BBE1D6C52F3001F6236 /* SObjectDataManager.h */,
				00E60BBF1D6C52F3001F6236 /* SObjectDataManager.m */,
				00E60BC01D6C52F3001F6236 /* SObjectDataSpec.h */,
				00E60BC11D6C52F3001F6236 /* SObjectDataSpec.m */,
			);
			name = Data;
			sourceTree = "<group>";
		};
		00E60BC81D6C5338001F6236 /* WYPopoverController */ = {
			isa = PBXGroup;
			children = (
				00E60BC91D6C5365001F6236 /* WYPopoverController.h */,
				00E60BCA1D6C53C6001F6236 /* WYPopoverController.m */,
			);
			name = WYPopoverController;
			sourceTree = "<group>";
		};
		37B95F29A292887A2CC072C3 /* Frameworks */ = {
			isa = PBXGroup;
			children = (
				E26AE42D739AC1B4EC79C1EF /* Pods_MyTrailNative.framework */,
			);
			name = Frameworks;
			sourceTree = "<group>";
		};
		4F8D5E941B6C0568005E64D4 = {
			isa = PBXGroup;
			children = (
				4F8D5E9F1B6C0568005E64D4 /* MyTrailNative */,
				4F8D5E9E1B6C0568005E64D4 /* Products */,
				95FC818BCB0A26B1EC67A6D7 /* Pods */,
				37B95F29A292887A2CC072C3 /* Frameworks */,
			);
			sourceTree = "<group>";
		};
		4F8D5E9E1B6C0568005E64D4 /* Products */ = {
			isa = PBXGroup;
			children = (
				4F8D5E9D1B6C0568005E64D4 /* MyTrailNative.app */,
			);
			name = Products;
			sourceTree = "<group>";
		};
		4F8D5E9F1B6C0568005E64D4 /* MyTrailNative */ = {
			isa = PBXGroup;
			children = (
				4F8D5ECC1B6C1021005E64D4 /* Classes */,
				4F8D5EA01B6C0568005E64D4 /* Supporting Files */,
			);
			path = MyTrailNative;
			sourceTree = "<group>";
		};
		4F8D5EA01B6C0568005E64D4 /* Supporting Files */ = {
			isa = PBXGroup;
			children = (
				4F8D5EAD1B6C0568005E64D4 /* Images.xcassets */,
				4F8D5EA11B6C0568005E64D4 /* Info.plist */,
				4F8D5EA21B6C0568005E64D4 /* main.m */,
			);
			name = "Supporting Files";
			sourceTree = "<group>";
		};
		4F8D5ECC1B6C1021005E64D4 /* Classes */ = {
			isa = PBXGroup;
			children = (
				00E60BC81D6C5338001F6236 /* WYPopoverController */,
				00E60BB41D6C52B4001F6236 /* Data */,
				00E60BAB1D6C527E001F6236 /* ActionsPopupController.h */,
				00E60BAC1D6C527E001F6236 /* ActionsPopupController.m */,
				00E60BAD1D6C527E001F6236 /* ContactDetailViewController.h */,
				00E60BAE1D6C527E001F6236 /* ContactDetailViewController.m */,
				00E60BAF1D6C527E001F6236 /* ContactListViewController.h */,
				00E60BB01D6C527E001F6236 /* ContactListViewController.m */,
				4F8D5EC91B6C0FE4005E64D4 /* RootViewController.h */,
				4F8D5ECA1B6C0FE4005E64D4 /* RootViewController.m */,
				4F8D5EC61B6C0F94005E64D4 /* InitialViewController.h */,
				4F8D5EC71B6C0F94005E64D4 /* InitialViewController.m */,
				4F8D5EA41B6C0568005E64D4 /* AppDelegate.h */,
				4F8D5EA51B6C0568005E64D4 /* AppDelegate.m */,
			);
			name = Classes;
			sourceTree = "<group>";
		};
		95FC818BCB0A26B1EC67A6D7 /* Pods */ = {
			isa = PBXGroup;
			children = (
				90400F35EE8FD2C6D3B8B7E7 /* Pods-MyTrailNative.debug.xcconfig */,
				641A79C6255C9F5C2DC614D8 /* Pods-MyTrailNative.release.xcconfig */,
			);
			name = Pods;
			sourceTree = "<group>";
		};
/* End PBXGroup section */

/* Begin PBXNativeTarget section */
		4F8D5E9C1B6C0568005E64D4 /* MyTrailNative */ = {
			isa = PBXNativeTarget;
			buildConfigurationList = 4F8D5EC01B6C0568005E64D4 /* Build configuration list for PBXNativeTarget "MyTrailNative" */;
			buildPhases = (
				39F115428CDB04A31C62D5B3 /* [CP] Check Pods Manifest.lock */,
				4F8D5E991B6C0568005E64D4 /* Sources */,
				4F8D5E9A1B6C0568005E64D4 /* Frameworks */,
				4F8D5E9B1B6C0568005E64D4 /* Resources */,
				E57672B616CE5ACD1EACF7C8 /* [CP] Copy Pods Resources */,
				0431826A9E6089EFA66DF7CF /* [CP] Embed Pods Frameworks */,
			);
			buildRules = (
			);
			dependencies = (
			);
			name = MyTrailNative;
			productName = MyTrailNative;
			productReference = 4F8D5E9D1B6C0568005E64D4 /* MyTrailNative.app */;
			productType = "com.apple.product-type.application";
		};
/* End PBXNativeTarget section */

/* Begin PBXProject section */
		4F8D5E951B6C0568005E64D4 /* Project object */ = {
			isa = PBXProject;
			attributes = {
				LastUpgradeCheck = 0640;
				ORGANIZATIONNAME = Salesforce;
				TargetAttributes = {
					4F8D5E9C1B6C0568005E64D4 = {
						CreatedOnToolsVersion = 6.4;
						DevelopmentTeam = 9R44C6UQRU;
					};
				};
			};
			buildConfigurationList = 4F8D5E981B6C0568005E64D4 /* Build configuration list for PBXProject "MyTrailNative" */;
			compatibilityVersion = "Xcode 6.3";
			developmentRegion = English;
			hasScannedForEncodings = 0;
			knownRegions = (
				en,
				Base,
			);
			mainGroup = 4F8D5E941B6C0568005E64D4;
			productRefGroup = 4F8D5E9E1B6C0568005E64D4 /* Products */;
			projectDirPath = "";
			projectRoot = "";
			targets = (
				4F8D5E9C1B6C0568005E64D4 /* MyTrailNative */,
			);
		};
/* End PBXProject section */

/* Begin PBXResourcesBuildPhase section */
		4F8D5E9B1B6C0568005E64D4 /* Resources */ = {
			isa = PBXResourcesBuildPhase;
			buildActionMask = 2147483647;
			files = (
				4F8D5EAE1B6C0568005E64D4 /* Images.xcassets in Resources */,
			);
			runOnlyForDeploymentPostprocessing = 0;
		};
/* End PBXResourcesBuildPhase section */

/* Begin PBXShellScriptBuildPhase section */
		0431826A9E6089EFA66DF7CF /* [CP] Embed Pods Frameworks */ = {
			isa = PBXShellScriptBuildPhase;
			buildActionMask = 2147483647;
			files = (
			);
			inputPaths = (
			);
			name = "[CP] Embed Pods Frameworks";
			outputPaths = (
			);
			runOnlyForDeploymentPostprocessing = 0;
			shellPath = /bin/sh;
			shellScript = "\"${SRCROOT}/Pods/Target Support Files/Pods-MyTrailNative/Pods-MyTrailNative-frameworks.sh\"\n";
			showEnvVarsInLog = 0;
		};
		39F115428CDB04A31C62D5B3 /* [CP] Check Pods Manifest.lock */ = {
			isa = PBXShellScriptBuildPhase;
			buildActionMask = 2147483647;
			files = (
			);
			inputPaths = (
			);
			name = "[CP] Check Pods Manifest.lock";
			outputPaths = (
			);
			runOnlyForDeploymentPostprocessing = 0;
			shellPath = /bin/sh;
			shellScript = "diff \"${PODS_ROOT}/../Podfile.lock\" \"${PODS_ROOT}/Manifest.lock\" > /dev/null\nif [[ $? != 0 ]] ; then\n    cat << EOM\nerror: The sandbox is not in sync with the Podfile.lock. Run 'pod install' or update your CocoaPods installation.\nEOM\n    exit 1\nfi\n";
			showEnvVarsInLog = 0;
		};
		E57672B616CE5ACD1EACF7C8 /* [CP] Copy Pods Resources */ = {
			isa = PBXShellScriptBuildPhase;
			buildActionMask = 2147483647;
			files = (
			);
			inputPaths = (
			);
			name = "[CP] Copy Pods Resources";
			outputPaths = (
			);
			runOnlyForDeploymentPostprocessing = 0;
			shellPath = /bin/sh;
			shellScript = "\"${SRCROOT}/Pods/Target Support Files/Pods-MyTrailNative/Pods-MyTrailNative-resources.sh\"\n";
			showEnvVarsInLog = 0;
		};
/* End PBXShellScriptBuildPhase section */

/* Begin PBXSourcesBuildPhase section */
		4F8D5E991B6C0568005E64D4 /* Sources */ = {
			isa = PBXSourcesBuildPhase;
			buildActionMask = 2147483647;
			files = (
				00E60BB21D6C527E001F6236 /* ContactDetailViewController.m in Sources */,
				00E60BC71D6C52F3001F6236 /* SObjectDataSpec.m in Sources */,
				00E60BC51D6C52F3001F6236 /* SObjectDataFieldSpec.m in Sources */,
				00E60BCB1D6C53C6001F6236 /* WYPopoverController.m in Sources */,
				00E60BB31D6C527E001F6236 /* ContactListViewController.m in Sources */,
				00E60BC41D6C52F3001F6236 /* SObjectData.m in Sources */,
				4F8D5EA61B6C0568005E64D4 /* AppDelegate.m in Sources */,
				4F8D5EA31B6C0568005E64D4 /* main.m in Sources */,
				00E60BC61D6C52F3001F6236 /* SObjectDataManager.m in Sources */,
				00E60BC31D6C52F3001F6236 /* ContactSObjectDataSpec.m in Sources */,
				4F8D5ECB1B6C0FE4005E64D4 /* RootViewController.m in Sources */,
				4F8D5EC81B6C0F94005E64D4 /* InitialViewController.m in Sources */,
				00E60BB11D6C527E001F6236 /* ActionsPopupController.m in Sources */,
				00E60BC21D6C52F3001F6236 /* ContactSObjectData.m in Sources */,
			);
			runOnlyForDeploymentPostprocessing = 0;
		};
/* End PBXSourcesBuildPhase section */

/* Begin XCBuildConfiguration section */
		4F8D5EBE1B6C0568005E64D4 /* Debug */ = {
			isa = XCBuildConfiguration;
			buildSettings = {
				ALWAYS_SEARCH_USER_PATHS = NO;
				CLANG_CXX_LANGUAGE_STANDARD = "gnu++0x";
				CLANG_CXX_LIBRARY = "libc++";
				CLANG_ENABLE_MODULES = YES;
				CLANG_ENABLE_OBJC_ARC = YES;
				CLANG_WARN_BOOL_CONVERSION = YES;
				CLANG_WARN_CONSTANT_CONVERSION = YES;
				CLANG_WARN_DIRECT_OBJC_ISA_USAGE = YES_ERROR;
				CLANG_WARN_EMPTY_BODY = YES;
				CLANG_WARN_ENUM_CONVERSION = YES;
				CLANG_WARN_INT_CONVERSION = YES;
				CLANG_WARN_OBJC_ROOT_CLASS = YES_ERROR;
				CLANG_WARN_UNREACHABLE_CODE = YES;
				CLANG_WARN__DUPLICATE_METHOD_MATCH = YES;
				"CODE_SIGN_IDENTITY[sdk=iphoneos*]" = "iPhone Developer";
				COPY_PHASE_STRIP = NO;
				DEBUG_INFORMATION_FORMAT = "dwarf-with-dsym";
				ENABLE_STRICT_OBJC_MSGSEND = YES;
				GCC_C_LANGUAGE_STANDARD = gnu99;
				GCC_DYNAMIC_NO_PIC = NO;
				GCC_NO_COMMON_BLOCKS = YES;
				GCC_OPTIMIZATION_LEVEL = 0;
				GCC_PREPROCESSOR_DEFINITIONS = (
					"DEBUG=1",
					"$(inherited)",
				);
				GCC_SYMBOLS_PRIVATE_EXTERN = NO;
				GCC_WARN_64_TO_32_BIT_CONVERSION = YES;
				GCC_WARN_ABOUT_RETURN_TYPE = YES_ERROR;
				GCC_WARN_UNDECLARED_SELECTOR = YES;
				GCC_WARN_UNINITIALIZED_AUTOS = YES_AGGRESSIVE;
				GCC_WARN_UNUSED_FUNCTION = YES;
				GCC_WARN_UNUSED_VARIABLE = YES;
				IPHONEOS_DEPLOYMENT_TARGET = 8.4;
				MTL_ENABLE_DEBUG_INFO = YES;
				ONLY_ACTIVE_ARCH = YES;
				SDKROOT = iphoneos;
				TARGETED_DEVICE_FAMILY = "1,2";
			};
			name = Debug;
		};
		4F8D5EBF1B6C0568005E64D4 /* Release */ = {
			isa = XCBuildConfiguration;
			buildSettings = {
				ALWAYS_SEARCH_USER_PATHS = NO;
				CLANG_CXX_LANGUAGE_STANDARD = "gnu++0x";
				CLANG_CXX_LIBRARY = "libc++";
				CLANG_ENABLE_MODULES = YES;
				CLANG_ENABLE_OBJC_ARC = YES;
				CLANG_WARN_BOOL_CONVERSION = YES;
				CLANG_WARN_CONSTANT_CONVERSION = YES;
				CLANG_WARN_DIRECT_OBJC_ISA_USAGE = YES_ERROR;
				CLANG_WARN_EMPTY_BODY = YES;
				CLANG_WARN_ENUM_CONVERSION = YES;
				CLANG_WARN_INT_CONVERSION = YES;
				CLANG_WARN_OBJC_ROOT_CLASS = YES_ERROR;
				CLANG_WARN_UNREACHABLE_CODE = YES;
				CLANG_WARN__DUPLICATE_METHOD_MATCH = YES;
				"CODE_SIGN_IDENTITY[sdk=iphoneos*]" = "iPhone Developer";
				COPY_PHASE_STRIP = NO;
				DEBUG_INFORMATION_FORMAT = "dwarf-with-dsym";
				ENABLE_NS_ASSERTIONS = NO;
				ENABLE_STRICT_OBJC_MSGSEND = YES;
				GCC_C_LANGUAGE_STANDARD = gnu99;
				GCC_NO_COMMON_BLOCKS = YES;
				GCC_WARN_64_TO_32_BIT_CONVERSION = YES;
				GCC_WARN_ABOUT_RETURN_TYPE = YES_ERROR;
				GCC_WARN_UNDECLARED_SELECTOR = YES;
				GCC_WARN_UNINITIALIZED_AUTOS = YES_AGGRESSIVE;
				GCC_WARN_UNUSED_FUNCTION = YES;
				GCC_WARN_UNUSED_VARIABLE = YES;
				IPHONEOS_DEPLOYMENT_TARGET = 8.4;
				MTL_ENABLE_DEBUG_INFO = NO;
				SDKROOT = iphoneos;
				TARGETED_DEVICE_FAMILY = "1,2";
				VALIDATE_PRODUCT = YES;
			};
			name = Release;
		};
		4F8D5EC11B6C0568005E64D4 /* Debug */ = {
			isa = XCBuildConfiguration;
			baseConfigurationReference = 90400F35EE8FD2C6D3B8B7E7 /* Pods-MyTrailNative.debug.xcconfig */;
			buildSettings = {
				ASSETCATALOG_COMPILER_APPICON_NAME = AppIcon;
				ASSETCATALOG_COMPILER_LAUNCHIMAGE_NAME = LaunchImage;
				CODE_SIGN_IDENTITY = "iPhone Developer";
				INFOPLIST_FILE = MyTrailNative/Info.plist;
				LD_RUNPATH_SEARCH_PATHS = "$(inherited) @executable_path/Frameworks";
				PRODUCT_NAME = "$(TARGET_NAME)";
			};
			name = Debug;
		};
		4F8D5EC21B6C0568005E64D4 /* Release */ = {
			isa = XCBuildConfiguration;
			baseConfigurationReference = 641A79C6255C9F5C2DC614D8 /* Pods-MyTrailNative.release.xcconfig */;
			buildSettings = {
				ASSETCATALOG_COMPILER_APPICON_NAME = AppIcon;
				ASSETCATALOG_COMPILER_LAUNCHIMAGE_NAME = LaunchImage;
				CODE_SIGN_IDENTITY = "iPhone Developer";
				INFOPLIST_FILE = MyTrailNative/Info.plist;
				LD_RUNPATH_SEARCH_PATHS = "$(inherited) @executable_path/Frameworks";
				PRODUCT_NAME = "$(TARGET_NAME)";
			};
			name = Release;
		};
/* End XCBuildConfiguration section */

/* Begin XCConfigurationList section */
		4F8D5E981B6C0568005E64D4 /* Build configuration list for PBXProject "MyTrailNative" */ = {
			isa = XCConfigurationList;
			buildConfigurations = (
				4F8D5EBE1B6C0568005E64D4 /* Debug */,
				4F8D5EBF1B6C0568005E64D4 /* Release */,
			);
			defaultConfigurationIsVisible = 0;
			defaultConfigurationName = Release;
		};
		4F8D5EC01B6C0568005E64D4 /* Build configuration list for PBXNativeTarget "MyTrailNative" */ = {
			isa = XCConfigurationList;
			buildConfigurations = (
				4F8D5EC11B6C0568005E64D4 /* Debug */,
				4F8D5EC21B6C0568005E64D4 /* Release */,
			);
			defaultConfigurationIsVisible = 0;
			defaultConfigurationName = Release;
		};
/* End XCConfigurationList section */
	};
	rootObject = 4F8D5E951B6C0568005E64D4 /* Project object */;
}
