PODS:
  - CocoaLumberjack (2.3.0):
    - CocoaLumberjack/Default (= 2.3.0)
    - CocoaLumberjack/Extensions (= 2.3.0)
  - CocoaLumberjack/Core (2.3.0)
  - CocoaLumberjack/Default (2.3.0):
    - CocoaLumberjack/Core
  - CocoaLumberjack/Extensions (2.3.0):
    - CocoaLumberjack/Default
  - SalesforceNetwork (4.3.1):
    - SalesforceNetwork/SalesforceNetwork (= 4.3.1)
  - SalesforceNetwork/SalesforceNetwork (4.3.1):
    - SalesforceSDKCore
  - SalesforceRestAPI (4.3.1):
    - SalesforceRestAPI/SalesforceRestAPI (= 4.3.1)
  - SalesforceRestAPI/SalesforceRestAPI (4.3.1):
    - SalesforceNetwork
    - SalesforceSDKCore
  - SalesforceSDKCore (4.3.1):
    - SalesforceSDKCore/SalesforceSDKCore (= 4.3.1)
  - SalesforceSDKCore/SalesforceSDKCore (4.3.1):
    - CocoaLumberjack (~> 2.3.0)
    - SalesforceSDKCore/SalesforceSDKCore/arc (= 4.3.1)
    - SalesforceSDKCore/SalesforceSDKCore/base (= 4.3.1)
    - SalesforceSDKCore/SalesforceSDKCore/no-arc (= 4.3.1)
  - SalesforceSDKCore/SalesforceSDKCore/arc (4.3.1):
    - CocoaLumberjack (~> 2.3.0)
    - SalesforceSDKCore/SalesforceSDKCore/base
    - SalesforceSDKCore/SalesforceSDKCore/no-arc
  - SalesforceSDKCore/SalesforceSDKCore/base (4.3.1):
    - CocoaLumberjack (~> 2.3.0)
  - SalesforceSDKCore/SalesforceSDKCore/no-arc (4.3.1):
    - CocoaLumberjack (~> 2.3.0)
    - SalesforceSDKCore/SalesforceSDKCore/base
  - SmartStore (4.3.1):
    - SmartStore/SmartStore (= 4.3.1)
  - SmartStore/SmartStore (4.3.1):
    - SalesforceSDKCore
    - SQLCipher/fts (~> 3.4.0)
  - SmartSync (4.3.1):
    - SmartSync/SmartSync (= 4.3.1)
  - SmartSync/SmartSync (4.3.1):
    - SalesforceRestAPI
    - SalesforceSDKCore
    - SmartStore
  - SQLCipher/common (3.4.0)
  - SQLCipher/fts (3.4.0):
    - SQLCipher/common
  - WYPopoverController (0.1.8)

DEPENDENCIES:
  - SalesforceNetwork (~> 4.3.1)
  - SalesforceRestAPI (~> 4.3.1)
  - SalesforceSDKCore (~> 4.3.1)
  - SmartStore (~> 4.3.1)
  - SmartSync (~> 4.3.1)
  - WYPopoverController (from `https://github.com/nicolaschengdev/WYPopoverController.git`, branch `master`)

EXTERNAL SOURCES:
  WYPopoverController:
    :branch: master
    :git: https://github.com/nicolaschengdev/WYPopoverController.git
    :submodules: true

CHECKOUT OPTIONS:
  WYPopoverController:
    :commit: a5fc1276f3e7ae9bfbf97f5e7b504f18005f5e92
    :git: https://github.com/nicolaschengdev/WYPopoverController.git
    :submodules: true

SPEC CHECKSUMS:
  CocoaLumberjack: 97fab7ee5f507fe54445cca7ea80f926729cfd15
  SalesforceNetwork: 0a53deea9a3dbfb11586584fba28de435d2797d9
  SalesforceRestAPI: 2334b3bff7b5e8b2e64b0b8a72031b05d46d9381
  SalesforceSDKCore: 64be7b51436f190c70ebac4adb0e56a70a46b0ad
  SmartStore: 0bc42f6ff4533469b245cc6e7df584f9494ec084
  SmartSync: 70a253beb77ee1244ded7d60f4bfb75df590df05
  SQLCipher: 4c768761421736a247ed6cf412d9045615d53dff
  WYPopoverController: a7f420833d355d868e5836415ba07ce0dbec1a27

PODFILE CHECKSUM: e25cd72ddc90fdfc024e642177da834031651f15

COCOAPODS: 1.1.0.beta.2
